
Microsoft Visual Studio Solution File, Format Version 12.00
# Visual Studio Version 17
VisualStudioVersion = 17.6.33801.468
MinimumVisualStudioVersion = 10.0.40219.1
Project("{2150E333-8FDC-42A3-9474-1A3956D46DE8}") = "Tools", "Tools", "{D457B4B5-F95C-4490-87FA-66685CD2F361}"
EndProject
Project("{2150E333-8FDC-42A3-9474-1A3956D46DE8}") = "Games", "Games", "{CC960DFC-2428-4447-9316-15D5CEC55EC2}"
EndProject
Project("{8BC9CEB8-8B4A-11D0-8D11-00A0C91BC942}") = "BinaryTool", "BinaryTool\Default\BinaryTool.vcxproj", "{D9965212-DF61-437B-86B6-6A0B164040F8}"
EndProject
Project("{8BC9CEB8-8B4A-11D0-8D11-00A0C91BC942}") = "MapTool", "MapTool\Default\MapTool.vcxproj", "{4A178FCE-1E40-4D04-8B36-3667A14B9128}"
EndProject
Project("{8BC9CEB8-8B4A-11D0-8D11-00A0C91BC942}") = "EffectTool", "EffectTool\Default\EffectTool.vcxproj", "{1DB1775C-F8D4-42B0-B400-6CBB8A850C2C}"
EndProject
Project("{8BC9CEB8-8B4A-11D0-8D11-00A0C91BC942}") = "Engine", "Engine\Default\Engine.vcxproj", "{D8C82919-49B4-4492-9E34-BB4A7E141A30}"
EndProject
Project("{8BC9CEB8-8B4A-11D0-8D11-00A0C91BC942}") = "AnimationTool", "AnimationTool\Default\AnimationTool.vcxproj", "{04C4BAD6-4636-4C74-AA37-1BC68D5BBFB8}"
EndProject
Project("{8BC9CEB8-8B4A-11D0-8D11-00A0C91BC942}") = "Client", "Client\Default\Client.vcxproj", "{20519C42-739B-400F-A976-EA7868C72254}"
EndProject
Global
	GlobalSection(SolutionConfigurationPlatforms) = preSolution
		Debug_NonGUI|x64 = Debug_NonGUI|x64
		Debug_NonGUI|x86 = Debug_NonGUI|x86
		Debug_NonUT|x64 = Debug_NonUT|x64
		Debug_NonUT|x86 = Debug_NonUT|x86
		Debug|x64 = Debug|x64
		Debug|x86 = Debug|x86
		Release|x64 = Release|x64
		Release|x86 = Release|x86
	EndGlobalSection
	GlobalSection(ProjectConfigurationPlatforms) = postSolution
		{D9965212-DF61-437B-86B6-6A0B164040F8}.Debug_NonGUI|x64.ActiveCfg = Debug|x64
		{D9965212-DF61-437B-86B6-6A0B164040F8}.Debug_NonGUI|x64.Build.0 = Debug|x64
		{D9965212-DF61-437B-86B6-6A0B164040F8}.Debug_NonGUI|x86.ActiveCfg = Debug|Win32
		{D9965212-DF61-437B-86B6-6A0B164040F8}.Debug_NonGUI|x86.Build.0 = Debug|Win32
		{D9965212-DF61-437B-86B6-6A0B164040F8}.Debug_NonUT|x64.ActiveCfg = Debug_NonUT|x64
		{D9965212-DF61-437B-86B6-6A0B164040F8}.Debug_NonUT|x64.Build.0 = Debug_NonUT|x64
		{D9965212-DF61-437B-86B6-6A0B164040F8}.Debug_NonUT|x86.ActiveCfg = Debug_NonUT|Win32
		{D9965212-DF61-437B-86B6-6A0B164040F8}.Debug_NonUT|x86.Build.0 = Debug_NonUT|Win32
		{D9965212-DF61-437B-86B6-6A0B164040F8}.Debug|x64.ActiveCfg = Debug|x64
		{D9965212-DF61-437B-86B6-6A0B164040F8}.Debug|x64.Build.0 = Debug|x64
		{D9965212-DF61-437B-86B6-6A0B164040F8}.Debug|x86.ActiveCfg = Debug|Win32
		{D9965212-DF61-437B-86B6-6A0B164040F8}.Debug|x86.Build.0 = Debug|Win32
		{D9965212-DF61-437B-86B6-6A0B164040F8}.Release|x64.ActiveCfg = Release|x64
		{D9965212-DF61-437B-86B6-6A0B164040F8}.Release|x64.Build.0 = Release|x64
		{D9965212-DF61-437B-86B6-6A0B164040F8}.Release|x86.ActiveCfg = Release|Win32
		{D9965212-DF61-437B-86B6-6A0B164040F8}.Release|x86.Build.0 = Release|Win32
		{4A178FCE-1E40-4D04-8B36-3667A14B9128}.Debug_NonGUI|x64.ActiveCfg = Debug|x64
		{4A178FCE-1E40-4D04-8B36-3667A14B9128}.Debug_NonGUI|x64.Build.0 = Debug|x64
		{4A178FCE-1E40-4D04-8B36-3667A14B9128}.Debug_NonGUI|x86.ActiveCfg = Debug|Win32
		{4A178FCE-1E40-4D04-8B36-3667A14B9128}.Debug_NonGUI|x86.Build.0 = Debug|Win32
		{4A178FCE-1E40-4D04-8B36-3667A14B9128}.Debug_NonUT|x64.ActiveCfg = Debug_NonUT|x64
		{4A178FCE-1E40-4D04-8B36-3667A14B9128}.Debug_NonUT|x64.Build.0 = Debug_NonUT|x64
		{4A178FCE-1E40-4D04-8B36-3667A14B9128}.Debug_NonUT|x86.ActiveCfg = Debug_NonUT|Win32
		{4A178FCE-1E40-4D04-8B36-3667A14B9128}.Debug_NonUT|x86.Build.0 = Debug_NonUT|Win32
		{4A178FCE-1E40-4D04-8B36-3667A14B9128}.Debug|x64.ActiveCfg = Debug|x64
		{4A178FCE-1E40-4D04-8B36-3667A14B9128}.Debug|x64.Build.0 = Debug|x64
		{4A178FCE-1E40-4D04-8B36-3667A14B9128}.Debug|x86.ActiveCfg = Debug|Win32
		{4A178FCE-1E40-4D04-8B36-3667A14B9128}.Debug|x86.Build.0 = Debug|Win32
		{4A178FCE-1E40-4D04-8B36-3667A14B9128}.Release|x64.ActiveCfg = Release|x64
		{4A178FCE-1E40-4D04-8B36-3667A14B9128}.Release|x64.Build.0 = Release|x64
		{4A178FCE-1E40-4D04-8B36-3667A14B9128}.Release|x86.ActiveCfg = Release|Win32
		{4A178FCE-1E40-4D04-8B36-3667A14B9128}.Release|x86.Build.0 = Release|Win32
		{1DB1775C-F8D4-42B0-B400-6CBB8A850C2C}.Debug_NonGUI|x64.ActiveCfg = Debug|x64
		{1DB1775C-F8D4-42B0-B400-6CBB8A850C2C}.Debug_NonGUI|x64.Build.0 = Debug|x64
		{1DB1775C-F8D4-42B0-B400-6CBB8A850C2C}.Debug_NonGUI|x86.ActiveCfg = Debug|Win32
		{1DB1775C-F8D4-42B0-B400-6CBB8A850C2C}.Debug_NonGUI|x86.Build.0 = Debug|Win32
		{1DB1775C-F8D4-42B0-B400-6CBB8A850C2C}.Debug_NonUT|x64.ActiveCfg = Debug_NonUT|x64
		{1DB1775C-F8D4-42B0-B400-6CBB8A850C2C}.Debug_NonUT|x64.Build.0 = Debug_NonUT|x64
		{1DB1775C-F8D4-42B0-B400-6CBB8A850C2C}.Debug_NonUT|x86.ActiveCfg = Debug_NonUT|Win32
		{1DB1775C-F8D4-42B0-B400-6CBB8A850C2C}.Debug_NonUT|x86.Build.0 = Debug_NonUT|Win32
		{1DB1775C-F8D4-42B0-B400-6CBB8A850C2C}.Debug|x64.ActiveCfg = Debug|x64
		{1DB1775C-F8D4-42B0-B400-6CBB8A850C2C}.Debug|x64.Build.0 = Debug|x64
		{1DB1775C-F8D4-42B0-B400-6CBB8A850C2C}.Debug|x86.ActiveCfg = Debug|Win32
		{1DB1775C-F8D4-42B0-B400-6CBB8A850C2C}.Debug|x86.Build.0 = Debug|Win32
		{1DB1775C-F8D4-42B0-B400-6CBB8A850C2C}.Release|x64.ActiveCfg = Release|x64
		{1DB1775C-F8D4-42B0-B400-6CBB8A850C2C}.Release|x64.Build.0 = Release|x64
		{1DB1775C-F8D4-42B0-B400-6CBB8A850C2C}.Release|x86.ActiveCfg = Release|Win32
		{1DB1775C-F8D4-42B0-B400-6CBB8A850C2C}.Release|x86.Build.0 = Release|Win32
		{D8C82919-49B4-4492-9E34-BB4A7E141A30}.Debug_NonGUI|x64.ActiveCfg = Debug|x64
		{D8C82919-49B4-4492-9E34-BB4A7E141A30}.Debug_NonGUI|x64.Build.0 = Debug|x64
		{D8C82919-49B4-4492-9E34-BB4A7E141A30}.Debug_NonGUI|x86.ActiveCfg = Debug|Win32
		{D8C82919-49B4-4492-9E34-BB4A7E141A30}.Debug_NonGUI|x86.Build.0 = Debug|Win32
		{D8C82919-49B4-4492-9E34-BB4A7E141A30}.Debug_NonUT|x64.ActiveCfg = Debug_NonUT|x64
		{D8C82919-49B4-4492-9E34-BB4A7E141A30}.Debug_NonUT|x64.Build.0 = Debug_NonUT|x64
		{D8C82919-49B4-4492-9E34-BB4A7E141A30}.Debug_NonUT|x86.ActiveCfg = Debug_NonUT|Win32
		{D8C82919-49B4-4492-9E34-BB4A7E141A30}.Debug_NonUT|x86.Build.0 = Debug_NonUT|Win32
		{D8C82919-49B4-4492-9E34-BB4A7E141A30}.Debug|x64.ActiveCfg = Debug|x64
		{D8C82919-49B4-4492-9E34-BB4A7E141A30}.Debug|x64.Build.0 = Debug|x64
		{D8C82919-49B4-4492-9E34-BB4A7E141A30}.Debug|x86.ActiveCfg = Debug|Win32
		{D8C82919-49B4-4492-9E34-BB4A7E141A30}.Debug|x86.Build.0 = Debug|Win32
		{D8C82919-49B4-4492-9E34-BB4A7E141A30}.Release|x64.ActiveCfg = Release|x64
		{D8C82919-49B4-4492-9E34-BB4A7E141A30}.Release|x64.Build.0 = Release|x64
		{D8C82919-49B4-4492-9E34-BB4A7E141A30}.Release|x86.ActiveCfg = Release|Win32
		{D8C82919-49B4-4492-9E34-BB4A7E141A30}.Release|x86.Build.0 = Release|Win32
		{04C4BAD6-4636-4C74-AA37-1BC68D5BBFB8}.Debug_NonGUI|x64.ActiveCfg = Debug|x64
		{04C4BAD6-4636-4C74-AA37-1BC68D5BBFB8}.Debug_NonGUI|x64.Build.0 = Debug|x64
		{04C4BAD6-4636-4C74-AA37-1BC68D5BBFB8}.Debug_NonGUI|x86.ActiveCfg = Debug|Win32
		{04C4BAD6-4636-4C74-AA37-1BC68D5BBFB8}.Debug_NonGUI|x86.Build.0 = Debug|Win32
		{04C4BAD6-4636-4C74-AA37-1BC68D5BBFB8}.Debug_NonUT|x64.ActiveCfg = Debug_NonUT|x64
		{04C4BAD6-4636-4C74-AA37-1BC68D5BBFB8}.Debug_NonUT|x64.Build.0 = Debug_NonUT|x64
		{04C4BAD6-4636-4C74-AA37-1BC68D5BBFB8}.Debug_NonUT|x86.ActiveCfg = Debug_NonUT|Win32
		{04C4BAD6-4636-4C74-AA37-1BC68D5BBFB8}.Debug_NonUT|x86.Build.0 = Debug_NonUT|Win32
		{04C4BAD6-4636-4C74-AA37-1BC68D5BBFB8}.Debug|x64.ActiveCfg = Debug|x64
		{04C4BAD6-4636-4C74-AA37-1BC68D5BBFB8}.Debug|x64.Build.0 = Debug|x64
		{04C4BAD6-4636-4C74-AA37-1BC68D5BBFB8}.Debug|x86.ActiveCfg = Debug|Win32
		{04C4BAD6-4636-4C74-AA37-1BC68D5BBFB8}.Debug|x86.Build.0 = Debug|Win32
		{04C4BAD6-4636-4C74-AA37-1BC68D5BBFB8}.Release|x64.ActiveCfg = Release|x64
		{04C4BAD6-4636-4C74-AA37-1BC68D5BBFB8}.Release|x64.Build.0 = Release|x64
		{04C4BAD6-4636-4C74-AA37-1BC68D5BBFB8}.Release|x86.ActiveCfg = Release|Win32
		{04C4BAD6-4636-4C74-AA37-1BC68D5BBFB8}.Release|x86.Build.0 = Release|Win32
		{20519C42-739B-400F-A976-EA7868C72254}.Debug_NonGUI|x64.ActiveCfg = Debug_NonGUI|x64
		{20519C42-739B-400F-A976-EA7868C72254}.Debug_NonGUI|x64.Build.0 = Debug_NonGUI|x64
		{20519C42-739B-400F-A976-EA7868C72254}.Debug_NonGUI|x86.ActiveCfg = Debug_NonGUI|Win32
		{20519C42-739B-400F-A976-EA7868C72254}.Debug_NonGUI|x86.Build.0 = Debug_NonGUI|Win32
		{20519C42-739B-400F-A976-EA7868C72254}.Debug_NonUT|x64.ActiveCfg = Debug_NonUT|x64
		{20519C42-739B-400F-A976-EA7868C72254}.Debug_NonUT|x64.Build.0 = Debug_NonUT|x64
		{20519C42-739B-400F-A976-EA7868C72254}.Debug_NonUT|x86.ActiveCfg = Debug_NonUT|Win32
		{20519C42-739B-400F-A976-EA7868C72254}.Debug_NonUT|x86.Build.0 = Debug_NonUT|Win32
		{20519C42-739B-400F-A976-EA7868C72254}.Debug|x64.ActiveCfg = Debug|x64
		{20519C42-739B-400F-A976-EA7868C72254}.Debug|x64.Build.0 = Debug|x64
		{20519C42-739B-400F-A976-EA7868C72254}.Debug|x86.ActiveCfg = Debug|Win32
		{20519C42-739B-400F-A976-EA7868C72254}.Debug|x86.Build.0 = Debug|Win32
		{20519C42-739B-400F-A976-EA7868C72254}.Release|x64.ActiveCfg = Release|x64
		{20519C42-739B-400F-A976-EA7868C72254}.Release|x64.Build.0 = Release|x64
		{20519C42-739B-400F-A976-EA7868C72254}.Release|x86.ActiveCfg = Release|Win32
		{20519C42-739B-400F-A976-EA7868C72254}.Release|x86.Build.0 = Release|Win32
	EndGlobalSection
	GlobalSection(SolutionProperties) = preSolution
		HideSolutionNode = FALSE
	EndGlobalSection
	GlobalSection(NestedProjects) = preSolution
		{D9965212-DF61-437B-86B6-6A0B164040F8} = {D457B4B5-F95C-4490-87FA-66685CD2F361}
		{4A178FCE-1E40-4D04-8B36-3667A14B9128} = {D457B4B5-F95C-4490-87FA-66685CD2F361}
		{1DB1775C-F8D4-42B0-B400-6CBB8A850C2C} = {D457B4B5-F95C-4490-87FA-66685CD2F361}
		{D8C82919-49B4-4492-9E34-BB4A7E141A30} = {CC960DFC-2428-4447-9316-15D5CEC55EC2}
		{04C4BAD6-4636-4C74-AA37-1BC68D5BBFB8} = {D457B4B5-F95C-4490-87FA-66685CD2F361}
		{20519C42-739B-400F-A976-EA7868C72254} = {CC960DFC-2428-4447-9316-15D5CEC55EC2}
	EndGlobalSection
	GlobalSection(ExtensibilityGlobals) = postSolution
		SolutionGuid = {41CD7E7A-D908-40DC-8571-21F10BAAD936}
	EndGlobalSection
EndGlobal
