<?xml version="1.0" encoding="utf-8"?>
<Project ToolsVersion="4.0" xmlns="http://schemas.microsoft.com/developer/msbuild/2003">
  <ItemGroup>
    <Filter Include="98. Default">
      <UniqueIdentifier>{17136a30-77c7-47f7-b68a-4364e2c19f06}</UniqueIdentifier>
    </Filter>
    <Filter Include="99. Headers">
      <UniqueIdentifier>{dbf507ce-2c6e-476a-9e62-3d6b4e8b2ca3}</UniqueIdentifier>
    </Filter>
    <Filter Include="97. ImGuiCore">
      <UniqueIdentifier>{402058a0-1143-4e20-b6ac-36a0f6bcb3ff}</UniqueIdentifier>
    </Filter>
    <Filter Include="97. ImGuiCore\ImGui">
      <UniqueIdentifier>{06ae941a-5a10-4842-91e2-1d0f07d9b4ab}</UniqueIdentifier>
    </Filter>
    <Filter Include="00. MainApp">
      <UniqueIdentifier>{bac1ed69-ea49-43d0-bc9f-de1da6596f43}</UniqueIdentifier>
    </Filter>
    <Filter Include="01. Levels">
      <UniqueIdentifier>{ee250fb5-5878-4bbc-9813-57135400fb56}</UniqueIdentifier>
    </Filter>
    <Filter Include="01. Levels\99. Loading">
      <UniqueIdentifier>{04367ac7-326b-4ad7-a335-c91beb7980f8}</UniqueIdentifier>
    </Filter>
    <Filter Include="01. Levels\99. Loading\Loader">
      <UniqueIdentifier>{cf091782-d0c3-41ed-9bc3-230a8b7f1c36}</UniqueIdentifier>
    </Filter>
    <Filter Include="01. Levels\01. Editor">
      <UniqueIdentifier>{635eabd1-af32-4012-95a1-1bed6867d7f6}</UniqueIdentifier>
    </Filter>
    <Filter Include="02. GameObjects">
      <UniqueIdentifier>{c7d26fce-f615-4d0d-bf39-dbbfb31aaeac}</UniqueIdentifier>
    </Filter>
    <Filter Include="02. GameObjects\99. Camera">
      <UniqueIdentifier>{1a2a3922-de94-43c9-8906-b8c30e5fd8db}</UniqueIdentifier>
    </Filter>
    <Filter Include="02. GameObjects\01. Mannequin">
      <UniqueIdentifier>{1c746e1f-04df-4ab6-ba77-691a0cc63ca8}</UniqueIdentifier>
    </Filter>
  </ItemGroup>
  <ItemGroup>
    <ClInclude Include="AnimationTool.h">
      <Filter>98. Default</Filter>
    </ClInclude>
    <ClInclude Include="framework.h">
      <Filter>98. Default</Filter>
    </ClInclude>
    <ClInclude Include="Resource.h">
      <Filter>98. Default</Filter>
    </ClInclude>
    <ClInclude Include="targetver.h">
      <Filter>98. Default</Filter>
    </ClInclude>
    <ClInclude Include="..\Public\Animation_Defines.h">
      <Filter>99. Headers</Filter>
    </ClInclude>
    <ClInclude Include="..\Public\imconfig.h">
      <Filter>97. ImGuiCore\ImGui</Filter>
    </ClInclude>
    <ClInclude Include="..\Public\imgui.h">
      <Filter>97. ImGuiCore\ImGui</Filter>
    </ClInclude>
    <ClInclude Include="..\Public\imgui_impl_dx11.h">
      <Filter>97. ImGuiCore\ImGui</Filter>
    </ClInclude>
    <ClInclude Include="..\Public\imgui_impl_win32.h">
      <Filter>97. ImGuiCore\ImGui</Filter>
    </ClInclude>
    <ClInclude Include="..\Public\imgui_internal.h">
      <Filter>97. ImGuiCore\ImGui</Filter>
    </ClInclude>
    <ClInclude Include="..\Public\imstb_rectpack.h">
      <Filter>97. ImGuiCore\ImGui</Filter>
    </ClInclude>
    <ClInclude Include="..\Public\imstb_textedit.h">
      <Filter>97. ImGuiCore\ImGui</Filter>
    </ClInclude>
    <ClInclude Include="..\Public\imstb_truetype.h">
      <Filter>97. ImGuiCore\ImGui</Filter>
    </ClInclude>
    <ClInclude Include="..\Public\MainApp.h">
      <Filter>00. MainApp</Filter>
    </ClInclude>
    <ClInclude Include="..\Public\Level_Loading.h">
      <Filter>01. Levels\99. Loading</Filter>
    </ClInclude>
    <ClInclude Include="..\Public\Loader.h">
      <Filter>01. Levels\99. Loading\Loader</Filter>
    </ClInclude>
    <ClInclude Include="..\Public\Level_Editor.h">
      <Filter>01. Levels\01. Editor</Filter>
    </ClInclude>
    <ClInclude Include="..\Public\Camera_Main.h">
      <Filter>02. GameObjects\99. Camera</Filter>
    </ClInclude>
    <ClInclude Include="..\Public\Animation_Macro.h">
      <Filter>99. Headers</Filter>
    </ClInclude>
    <ClInclude Include="..\Public\Mannequin.h">
      <Filter>02. GameObjects\01. Mannequin</Filter>
    </ClInclude>
    <ClInclude Include="..\Public\Animation_Enum.h">
      <Filter>99. Headers</Filter>
    </ClInclude>
  </ItemGroup>
  <ItemGroup>
    <Image Include="AnimationTool.ico">
      <Filter>98. Default</Filter>
    </Image>
    <Image Include="small.ico">
      <Filter>98. Default</Filter>
    </Image>
  </ItemGroup>
  <ItemGroup>
    <ResourceCompile Include="AnimationTool.rc">
      <Filter>98. Default</Filter>
    </ResourceCompile>
  </ItemGroup>
  <ItemGroup>
    <ClCompile Include="AnimationTool.cpp">
      <Filter>98. Default</Filter>
    </ClCompile>
    <ClCompile Include="..\Private\imgui_demo.cpp">
      <Filter>97. ImGuiCore\ImGui</Filter>
    </ClCompile>
    <ClCompile Include="..\Private\imgui_draw.cpp">
      <Filter>97. ImGuiCore\ImGui</Filter>
    </ClCompile>
    <ClCompile Include="..\Private\imgui_impl_dx11.cpp">
      <Filter>97. ImGuiCore\ImGui</Filter>
    </ClCompile>
    <ClCompile Include="..\Private\imgui_impl_win32.cpp">
      <Filter>97. ImGuiCore\ImGui</Filter>
    </ClCompile>
    <ClCompile Include="..\Private\imgui_tables.cpp">
      <Filter>97. ImGuiCore\ImGui</Filter>
    </ClCompile>
    <ClCompile Include="..\Private\imgui_widgets.cpp">
      <Filter>97. ImGuiCore\ImGui</Filter>
    </ClCompile>
    <ClCompile Include="..\Private\imgui.cpp">
      <Filter>97. ImGuiCore\ImGui</Filter>
    </ClCompile>
    <ClCompile Include="..\Private\MainApp.cpp">
      <Filter>00. MainApp</Filter>
    </ClCompile>
    <ClCompile Include="..\Private\Level_Loading.cpp">
      <Filter>01. Levels\99. Loading</Filter>
    </ClCompile>
    <ClCompile Include="..\Private\Loader.cpp">
      <Filter>01. Levels\99. Loading\Loader</Filter>
    </ClCompile>
    <ClCompile Include="..\Private\Level_Editor.cpp">
      <Filter>01. Levels\01. Editor</Filter>
    </ClCompile>
    <ClCompile Include="..\Private\Camera_Main.cpp">
      <Filter>02. GameObjects\99. Camera</Filter>
    </ClCompile>
    <ClCompile Include="..\Private\Mannequin.cpp">
      <Filter>02. GameObjects\01. Mannequin</Filter>
    </ClCompile>
  </ItemGroup>
</Project>